// !$*UTF8*$!
{
	archiveVersion = 1;
	classes = {
	};
	objectVersion = 48;
	objects = {

/* Begin PBXBuildFile section */
		1246F0C91FD6DF8500E4FC84 /* LocationManager.swift in Sources */ = {isa = PBXBuildFile; fileRef = 1246F0C81FD6DF8500E4FC84 /* LocationManager.swift */; };
		1246F0CB1FD6E27900E4FC84 /* LocationInteractor.swift in Sources */ = {isa = PBXBuildFile; fileRef = 1246F0CA1FD6E27900E4FC84 /* LocationInteractor.swift */; };
		12B2EDA31FD5473700D78E2A /* AppDelegate.swift in Sources */ = {isa = PBXBuildFile; fileRef = 12B2EDA21FD5473700D78E2A /* AppDelegate.swift */; };
		12B2EDA81FD5473700D78E2A /* Main.storyboard in Resources */ = {isa = PBXBuildFile; fileRef = 12B2EDA61FD5473700D78E2A /* Main.storyboard */; };
		12B2EDAB1FD5473700D78E2A /* BackgroundTracker.xcdatamodeld in Sources */ = {isa = PBXBuildFile; fileRef = 12B2EDA91FD5473700D78E2A /* BackgroundTracker.xcdatamodeld */; };
		12B2EDAD1FD5473700D78E2A /* Assets.xcassets in Resources */ = {isa = PBXBuildFile; fileRef = 12B2EDAC1FD5473700D78E2A /* Assets.xcassets */; };
		12B2EDB01FD5473700D78E2A /* LaunchScreen.storyboard in Resources */ = {isa = PBXBuildFile; fileRef = 12B2EDAE1FD5473700D78E2A /* LaunchScreen.storyboard */; };
		12B2EDB81FD5479700D78E2A /* LocationTableViewController.swift in Sources */ = {isa = PBXBuildFile; fileRef = 12B2EDB71FD5479700D78E2A /* LocationTableViewController.swift */; };
		12B2EDBA1FD548DB00D78E2A /* CoreDataManager.swift in Sources */ = {isa = PBXBuildFile; fileRef = 12B2EDB91FD548DB00D78E2A /* CoreDataManager.swift */; };
		12B2EDBD1FD5499300D78E2A /* Location+CoreDataClass.swift in Sources */ = {isa = PBXBuildFile; fileRef = 12B2EDBB1FD5499300D78E2A /* Location+CoreDataClass.swift */; };
		12B2EDBE1FD5499300D78E2A /* Location+CoreDataProperties.swift in Sources */ = {isa = PBXBuildFile; fileRef = 12B2EDBC1FD5499300D78E2A /* Location+CoreDataProperties.swift */; };
		12F68C261FD7D85B00B34BC1 /* Location.swift in Sources */ = {isa = PBXBuildFile; fileRef = 12F68C251FD7D85B00B34BC1 /* Location.swift */; };
		12F68C2B1FD7E60D00B34BC1 /* Presenter.swift in Sources */ = {isa = PBXBuildFile; fileRef = 12F68C2A1FD7E60D00B34BC1 /* Presenter.swift */; };
		12F68C2E1FD7F4B600B34BC1 /* Router.swift in Sources */ = {isa = PBXBuildFile; fileRef = 12F68C2D1FD7F4B600B34BC1 /* Router.swift */; };
/* End PBXBuildFile section */

/* Begin PBXFileReference section */
		1246F0C81FD6DF8500E4FC84 /* LocationManager.swift */ = {isa = PBXFileReference; lastKnownFileType = sourcecode.swift; path = LocationManager.swift; sourceTree = "<group>"; };
		1246F0CA1FD6E27900E4FC84 /* LocationInteractor.swift */ = {isa = PBXFileReference; lastKnownFileType = sourcecode.swift; path = LocationInteractor.swift; sourceTree = "<group>"; };
		12B2ED9F1FD5473700D78E2A /* BackgroundTracker.app */ = {isa = PBXFileReference; explicitFileType = wrapper.application; includeInIndex = 0; path = BackgroundTracker.app; sourceTree = BUILT_PRODUCTS_DIR; };
		12B2EDA21FD5473700D78E2A /* AppDelegate.swift */ = {isa = PBXFileReference; lastKnownFileType = sourcecode.swift; path = AppDelegate.swift; sourceTree = "<group>"; };
		12B2EDA71FD5473700D78E2A /* Base */ = {isa = PBXFileReference; lastKnownFileType = file.storyboard; name = Base; path = Base.lproj/Main.storyboard; sourceTree = "<group>"; };
		12B2EDAA1FD5473700D78E2A /* BackgroundTracker.xcdatamodel */ = {isa = PBXFileReference; lastKnownFileType = wrapper.xcdatamodel; path = BackgroundTracker.xcdatamodel; sourceTree = "<group>"; };
		12B2EDAC1FD5473700D78E2A /* Assets.xcassets */ = {isa = PBXFileReference; lastKnownFileType = folder.assetcatalog; path = Assets.xcassets; sourceTree = "<group>"; };
		12B2EDAF1FD5473700D78E2A /* Base */ = {isa = PBXFileReference; lastKnownFileType = file.storyboard; name = Base; path = Base.lproj/LaunchScreen.storyboard; sourceTree = "<group>"; };
		12B2EDB11FD5473700D78E2A /* Info.plist */ = {isa = PBXFileReference; lastKnownFileType = text.plist.xml; path = Info.plist; sourceTree = "<group>"; };
		12B2EDB71FD5479700D78E2A /* LocationTableViewController.swift */ = {isa = PBXFileReference; lastKnownFileType = sourcecode.swift; path = LocationTableViewController.swift; sourceTree = "<group>"; };
		12B2EDB91FD548DB00D78E2A /* CoreDataManager.swift */ = {isa = PBXFileReference; lastKnownFileType = sourcecode.swift; path = CoreDataManager.swift; sourceTree = "<group>"; };
		12B2EDBB1FD5499300D78E2A /* Location+CoreDataClass.swift */ = {isa = PBXFileReference; lastKnownFileType = sourcecode.swift; path = "Location+CoreDataClass.swift"; sourceTree = "<group>"; };
		12B2EDBC1FD5499300D78E2A /* Location+CoreDataProperties.swift */ = {isa = PBXFileReference; lastKnownFileType = sourcecode.swift; path = "Location+CoreDataProperties.swift"; sourceTree = "<group>"; };
		12F68C251FD7D85B00B34BC1 /* Location.swift */ = {isa = PBXFileReference; lastKnownFileType = sourcecode.swift; path = Location.swift; sourceTree = "<group>"; };
		12F68C2A1FD7E60D00B34BC1 /* Presenter.swift */ = {isa = PBXFileReference; lastKnownFileType = sourcecode.swift; path = Presenter.swift; sourceTree = "<group>"; };
		12F68C2D1FD7F4B600B34BC1 /* Router.swift */ = {isa = PBXFileReference; lastKnownFileType = sourcecode.swift; path = Router.swift; sourceTree = "<group>"; };
/* End PBXFileReference section */

/* Begin PBXFrameworksBuildPhase section */
		12B2ED9C1FD5473700D78E2A /* Frameworks */ = {
			isa = PBXFrameworksBuildPhase;
			buildActionMask = 2147483647;
			files = (
			);
			runOnlyForDeploymentPostprocessing = 0;
		};
/* End PBXFrameworksBuildPhase section */

/* Begin PBXGroup section */
		12B2ED961FD5473700D78E2A = {
			isa = PBXGroup;
			children = (
				12B2EDA11FD5473700D78E2A /* BackgroundTracker */,
				12B2EDA01FD5473700D78E2A /* Products */,
			);
			sourceTree = "<group>";
		};
		12B2EDA01FD5473700D78E2A /* Products */ = {
			isa = PBXGroup;
			children = (
				12B2ED9F1FD5473700D78E2A /* BackgroundTracker.app */,
			);
			name = Products;
			sourceTree = "<group>";
		};
		12B2EDA11FD5473700D78E2A /* BackgroundTracker */ = {
			isa = PBXGroup;
			children = (
				12B2EDA21FD5473700D78E2A /* AppDelegate.swift */,
				12F68C2D1FD7F4B600B34BC1 /* Router.swift */,
				12F68C251FD7D85B00B34BC1 /* Location.swift */,
				12F68C291FD7E5CE00B34BC1 /* View */,
				12F68C2C1FD7E87A00B34BC1 /* Presenter */,
				12F68C271FD7E59B00B34BC1 /* Interactor */,
				12B2EDC01FD549CB00D78E2A /* Entity */,
				12F68C281FD7E5B400B34BC1 /* Supporting files */,
				12B2EDB11FD5473700D78E2A /* Info.plist */,
			);
			path = BackgroundTracker;
			sourceTree = "<group>";
		};
		12B2EDC01FD549CB00D78E2A /* Entity */ = {
			isa = PBXGroup;
			children = (
				1246F0C81FD6DF8500E4FC84 /* LocationManager.swift */,
				12B2EDB91FD548DB00D78E2A /* CoreDataManager.swift */,
				12B2EDBB1FD5499300D78E2A /* Location+CoreDataClass.swift */,
				12B2EDBC1FD5499300D78E2A /* Location+CoreDataProperties.swift */,
				12B2EDA91FD5473700D78E2A /* BackgroundTracker.xcdatamodeld */,
			);
			path = Entity;
			sourceTree = "<group>";
		};
		12F68C271FD7E59B00B34BC1 /* Interactor */ = {
			isa = PBXGroup;
			children = (
				1246F0CA1FD6E27900E4FC84 /* LocationInteractor.swift */,
			);
			path = Interactor;
			sourceTree = "<group>";
		};
		12F68C281FD7E5B400B34BC1 /* Supporting files */ = {
			isa = PBXGroup;
			children = (
				12B2EDA61FD5473700D78E2A /* Main.storyboard */,
				12B2EDAC1FD5473700D78E2A /* Assets.xcassets */,
				12B2EDAE1FD5473700D78E2A /* LaunchScreen.storyboard */,
			);
			path = "Supporting files";
			sourceTree = "<group>";
		};
		12F68C291FD7E5CE00B34BC1 /* View */ = {
			isa = PBXGroup;
			children = (
				12B2EDB71FD5479700D78E2A /* LocationTableViewController.swift */,
			);
			path = View;
			sourceTree = "<group>";
		};
		12F68C2C1FD7E87A00B34BC1 /* Presenter */ = {
			isa = PBXGroup;
			children = (
				12F68C2A1FD7E60D00B34BC1 /* Presenter.swift */,
			);
			path = Presenter;
			sourceTree = "<group>";
		};
/* End PBXGroup section */

/* Begin PBXNativeTarget section */
		12B2ED9E1FD5473700D78E2A /* BackgroundTracker */ = {
			isa = PBXNativeTarget;
			buildConfigurationList = 12B2EDB41FD5473700D78E2A /* Build configuration list for PBXNativeTarget "BackgroundTracker" */;
			buildPhases = (
				12B2ED9B1FD5473700D78E2A /* Sources */,
				12B2ED9C1FD5473700D78E2A /* Frameworks */,
				12B2ED9D1FD5473700D78E2A /* Resources */,
			);
			buildRules = (
			);
			dependencies = (
			);
			name = BackgroundTracker;
			productName = BackgroundTracker;
			productReference = 12B2ED9F1FD5473700D78E2A /* BackgroundTracker.app */;
			productType = "com.apple.product-type.application";
		};
/* End PBXNativeTarget section */

/* Begin PBXProject section */
		12B2ED971FD5473700D78E2A /* Project object */ = {
			isa = PBXProject;
			attributes = {
				LastSwiftUpdateCheck = 0910;
				LastUpgradeCheck = 0910;
				ORGANIZATIONNAME = "Maxim Tovchenko";
				TargetAttributes = {
					12B2ED9E1FD5473700D78E2A = {
						CreatedOnToolsVersion = 9.1;
						ProvisioningStyle = Automatic;
						SystemCapabilities = {
							com.apple.BackgroundModes = {
								enabled = 1;
							};
						};
					};
				};
			};
			buildConfigurationList = 12B2ED9A1FD5473700D78E2A /* Build configuration list for PBXProject "BackgroundTracker" */;
			compatibilityVersion = "Xcode 8.0";
			developmentRegion = en;
			hasScannedForEncodings = 0;
			knownRegions = (
				en,
				Base,
			);
			mainGroup = 12B2ED961FD5473700D78E2A;
			productRefGroup = 12B2EDA01FD5473700D78E2A /* Products */;
			projectDirPath = "";
			projectRoot = "";
			targets = (
				12B2ED9E1FD5473700D78E2A /* BackgroundTracker */,
			);
		};
/* End PBXProject section */

/* Begin PBXResourcesBuildPhase section */
		12B2ED9D1FD5473700D78E2A /* Resources */ = {
			isa = PBXResourcesBuildPhase;
			buildActionMask = 2147483647;
			files = (
				12B2EDB01FD5473700D78E2A /* LaunchScreen.storyboard in Resources */,
				12B2EDAD1FD5473700D78E2A /* Assets.xcassets in Resources */,
				12B2EDA81FD5473700D78E2A /* Main.storyboard in Resources */,
			);
			runOnlyForDeploymentPostprocessing = 0;
		};
/* End PBXResourcesBuildPhase section */

/* Begin PBXSourcesBuildPhase section */
		12B2ED9B1FD5473700D78E2A /* Sources */ = {
			isa = PBXSourcesBuildPhase;
			buildActionMask = 2147483647;
			files = (
				12F68C2E1FD7F4B600B34BC1 /* Router.swift in Sources */,
				1246F0CB1FD6E27900E4FC84 /* LocationInteractor.swift in Sources */,
				12B2EDAB1FD5473700D78E2A /* BackgroundTracker.xcdatamodeld in Sources */,
				12B2EDA31FD5473700D78E2A /* AppDelegate.swift in Sources */,
				12B2EDBE1FD5499300D78E2A /* Location+CoreDataProperties.swift in Sources */,
				12F68C2B1FD7E60D00B34BC1 /* Presenter.swift in Sources */,
				12F68C261FD7D85B00B34BC1 /* Location.swift in Sources */,
				1246F0C91FD6DF8500E4FC84 /* LocationManager.swift in Sources */,
				12B2EDBA1FD548DB00D78E2A /* CoreDataManager.swift in Sources */,
				12B2EDBD1FD5499300D78E2A /* Location+CoreDataClass.swift in Sources */,
				12B2EDB81FD5479700D78E2A /* LocationTableViewController.swift in Sources */,
			);
			runOnlyForDeploymentPostprocessing = 0;
		};
/* End PBXSourcesBuildPhase section */

/* Begin PBXVariantGroup section */
		12B2EDA61FD5473700D78E2A /* Main.storyboard */ = {
			isa = PBXVariantGroup;
			children = (
				12B2EDA71FD5473700D78E2A /* Base */,
			);
			name = Main.storyboard;
			sourceTree = "<group>";
		};
		12B2EDAE1FD5473700D78E2A /* LaunchScreen.storyboard */ = {
			isa = PBXVariantGroup;
			children = (
				12B2EDAF1FD5473700D78E2A /* Base */,
			);
			name = LaunchScreen.storyboard;
			sourceTree = "<group>";
		};
/* End PBXVariantGroup section */

/* Begin XCBuildConfiguration section */
		12B2EDB21FD5473700D78E2A /* Debug */ = {
			isa = XCBuildConfiguration;
			buildSettings = {
				ALWAYS_SEARCH_USER_PATHS = NO;
				CLANG_ANALYZER_NONNULL = YES;
				CLANG_ANALYZER_NUMBER_OBJECT_CONVERSION = YES_AGGRESSIVE;
				CLANG_CXX_LANGUAGE_STANDARD = "gnu++14";
				CLANG_CXX_LIBRARY = "libc++";
				CLANG_ENABLE_MODULES = YES;
				CLANG_ENABLE_OBJC_ARC = YES;
				CLANG_WARN_BLOCK_CAPTURE_AUTORELEASING = YES;
				CLANG_WARN_BOOL_CONVERSION = YES;
				CLANG_WARN_COMMA = YES;
				CLANG_WARN_CONSTANT_CONVERSION = YES;
				CLANG_WARN_DIRECT_OBJC_ISA_USAGE = YES_ERROR;
				CLANG_WARN_DOCUMENTATION_COMMENTS = YES;
				CLANG_WARN_EMPTY_BODY = YES;
				CLANG_WARN_ENUM_CONVERSION = YES;
				CLANG_WARN_INFINITE_RECURSION = YES;
				CLANG_WARN_INT_CONVERSION = YES;
				CLANG_WARN_NON_LITERAL_NULL_CONVERSION = YES;
				CLANG_WARN_OBJC_LITERAL_CONVERSION = YES;
				CLANG_WARN_OBJC_ROOT_CLASS = YES_ERROR;
				CLANG_WARN_RANGE_LOOP_ANALYSIS = YES;
				CLANG_WARN_STRICT_PROTOTYPES = YES;
				CLANG_WARN_SUSPICIOUS_MOVE = YES;
				CLANG_WARN_UNGUARDED_AVAILABILITY = YES_AGGRESSIVE;
				CLANG_WARN_UNREACHABLE_CODE = YES;
				CLANG_WARN__DUPLICATE_METHOD_MATCH = YES;
				CODE_SIGN_IDENTITY = "iPhone Developer";
				COPY_PHASE_STRIP = NO;
				DEBUG_INFORMATION_FORMAT = dwarf;
				ENABLE_STRICT_OBJC_MSGSEND = YES;
				ENABLE_TESTABILITY = YES;
				GCC_C_LANGUAGE_STANDARD = gnu11;
				GCC_DYNAMIC_NO_PIC = NO;
				GCC_NO_COMMON_BLOCKS = YES;
				GCC_OPTIMIZATION_LEVEL = 0;
				GCC_PREPROCESSOR_DEFINITIONS = (
					"DEBUG=1",
					"$(inherited)",
				);
				GCC_WARN_64_TO_32_BIT_CONVERSION = YES;
				GCC_WARN_ABOUT_RETURN_TYPE = YES_ERROR;
				GCC_WARN_UNDECLARED_SELECTOR = YES;
				GCC_WARN_UNINITIALIZED_AUTOS = YES_AGGRESSIVE;
				GCC_WARN_UNUSED_FUNCTION = YES;
				GCC_WARN_UNUSED_VARIABLE = YES;
				IPHONEOS_DEPLOYMENT_TARGET = 11.1;
				MTL_ENABLE_DEBUG_INFO = YES;
				ONLY_ACTIVE_ARCH = YES;
				SDKROOT = iphoneos;
				SWIFT_ACTIVE_COMPILATION_CONDITIONS = DEBUG;
				SWIFT_OPTIMIZATION_LEVEL = "-Onone";
			};
			name = Debug;
		};
		12B2EDB31FD5473700D78E2A /* Release */ = {
			isa = XCBuildConfiguration;
			buildSettings = {
				ALWAYS_SEARCH_USER_PATHS = NO;
				CLANG_ANALYZER_NONNULL = YES;
				CLANG_ANALYZER_NUMBER_OBJECT_CONVERSION = YES_AGGRESSIVE;
				CLANG_CXX_LANGUAGE_STANDARD = "gnu++14";
				CLANG_CXX_LIBRARY = "libc++";
				CLANG_ENABLE_MODULES = YES;
				CLANG_ENABLE_OBJC_ARC = YES;
				CLANG_WARN_BLOCK_CAPTURE_AUTORELEASING = YES;
				CLANG_WARN_BOOL_CONVERSION = YES;
				CLANG_WARN_COMMA = YES;
				CLANG_WARN_CONSTANT_CONVERSION = YES;
				CLANG_WARN_DIRECT_OBJC_ISA_USAGE = YES_ERROR;
				CLANG_WARN_DOCUMENTATION_COMMENTS = YES;
				CLANG_WARN_EMPTY_BODY = YES;
				CLANG_WARN_ENUM_CONVERSION = YES;
				CLANG_WARN_INFINITE_RECURSION = YES;
				CLANG_WARN_INT_CONVERSION = YES;
				CLANG_WARN_NON_LITERAL_NULL_CONVERSION = YES;
				CLANG_WARN_OBJC_LITERAL_CONVERSION = YES;
				CLANG_WARN_OBJC_ROOT_CLASS = YES_ERROR;
				CLANG_WARN_RANGE_LOOP_ANALYSIS = YES;
				CLANG_WARN_STRICT_PROTOTYPES = YES;
				CLANG_WARN_SUSPICIOUS_MOVE = YES;
				CLANG_WARN_UNGUARDED_AVAILABILITY = YES_AGGRESSIVE;
				CLANG_WARN_UNREACHABLE_CODE = YES;
				CLANG_WARN__DUPLICATE_METHOD_MATCH = YES;
				CODE_SIGN_IDENTITY = "iPhone Developer";
				COPY_PHASE_STRIP = NO;
				DEBUG_INFORMATION_FORMAT = "dwarf-with-dsym";
				ENABLE_NS_ASSERTIONS = NO;
				ENABLE_STRICT_OBJC_MSGSEND = YES;
				GCC_C_LANGUAGE_STANDARD = gnu11;
				GCC_NO_COMMON_BLOCKS = YES;
				GCC_WARN_64_TO_32_BIT_CONVERSION = YES;
				GCC_WARN_ABOUT_RETURN_TYPE = YES_ERROR;
				GCC_WARN_UNDECLARED_SELECTOR = YES;
				GCC_WARN_UNINITIALIZED_AUTOS = YES_AGGRESSIVE;
				GCC_WARN_UNUSED_FUNCTION = YES;
				GCC_WARN_UNUSED_VARIABLE = YES;
				IPHONEOS_DEPLOYMENT_TARGET = 11.1;
				MTL_ENABLE_DEBUG_INFO = NO;
				SDKROOT = iphoneos;
				SWIFT_OPTIMIZATION_LEVEL = "-Owholemodule";
				VALIDATE_PRODUCT = YES;
			};
			name = Release;
		};
		12B2EDB51FD5473700D78E2A /* Debug */ = {
			isa = XCBuildConfiguration;
			buildSettings = {
				ASSETCATALOG_COMPILER_APPICON_NAME = AppIcon;
				CODE_SIGN_STYLE = Automatic;
				DEVELOPMENT_TEAM = JAYNQP8969;
				INFOPLIST_FILE = BackgroundTracker/Info.plist;
				LD_RUNPATH_SEARCH_PATHS = "$(inherited) @executable_path/Frameworks";
				PRODUCT_BUNDLE_IDENTIFIER = "com.Maxim-Tovchenko.BackgroundTracker";
				PRODUCT_NAME = "$(TARGET_NAME)";
				SWIFT_VERSION = 4.0;
				TARGETED_DEVICE_FAMILY = "1,2";
			};
			name = Debug;
		};
		12B2EDB61FD5473700D78E2A /* Release */ = {
			isa = XCBuildConfiguration;
			buildSettings = {
				ASSETCATALOG_COMPILER_APPICON_NAME = AppIcon;
				CODE_SIGN_STYLE = Automatic;
				DEVELOPMENT_TEAM = JAYNQP8969;
				INFOPLIST_FILE = BackgroundTracker/Info.plist;
				LD_RUNPATH_SEARCH_PATHS = "$(inherited) @executable_path/Frameworks";
				PRODUCT_BUNDLE_IDENTIFIER = "com.Maxim-Tovchenko.BackgroundTracker";
				PRODUCT_NAME = "$(TARGET_NAME)";
				SWIFT_VERSION = 4.0;
				TARGETED_DEVICE_FAMILY = "1,2";
			};
			name = Release;
		};
/* End XCBuildConfiguration section */

/* Begin XCConfigurationList section */
		12B2ED9A1FD5473700D78E2A /* Build configuration list for PBXProject "BackgroundTracker" */ = {
			isa = XCConfigurationList;
			buildConfigurations = (
				12B2EDB21FD5473700D78E2A /* Debug */,
				12B2EDB31FD5473700D78E2A /* Release */,
			);
			defaultConfigurationIsVisible = 0;
			defaultConfigurationName = Release;
		};
		12B2EDB41FD5473700D78E2A /* Build configuration list for PBXNativeTarget "BackgroundTracker" */ = {
			isa = XCConfigurationList;
			buildConfigurations = (
				12B2EDB51FD5473700D78E2A /* Debug */,
				12B2EDB61FD5473700D78E2A /* Release */,
			);
			defaultConfigurationIsVisible = 0;
			defaultConfigurationName = Release;
		};
/* End XCConfigurationList section */

/* Begin XCVersionGroup section */
		12B2EDA91FD5473700D78E2A /* BackgroundTracker.xcdatamodeld */ = {
			isa = XCVersionGroup;
			children = (
				12B2EDAA1FD5473700D78E2A /* BackgroundTracker.xcdatamodel */,
			);
			currentVersion = 12B2EDAA1FD5473700D78E2A /* BackgroundTracker.xcdatamodel */;
			path = BackgroundTracker.xcdatamodeld;
			sourceTree = "<group>";
			versionGroupType = wrapper.xcdatamodel;
		};
/* End XCVersionGroup section */
	};
	rootObject = 12B2ED971FD5473700D78E2A /* Project object */;
}
